// !$*UTF8*$!
{
	archiveVersion = 1;
	classes = {
	};
	objectVersion = 46;
	objects = {

/* Begin PBXBuildFile section */
		089716211E895910009EC623 /* AppDelegate.swift in Sources */ = {isa = PBXBuildFile; fileRef = 089716201E895910009EC623 /* AppDelegate.swift */; };
		089716231E895910009EC623 /* ViewController.swift in Sources */ = {isa = PBXBuildFile; fileRef = 089716221E895910009EC623 /* ViewController.swift */; };
		089716261E895910009EC623 /* Main.storyboard in Resources */ = {isa = PBXBuildFile; fileRef = 089716241E895910009EC623 /* Main.storyboard */; };
		089716281E895910009EC623 /* Assets.xcassets in Resources */ = {isa = PBXBuildFile; fileRef = 089716271E895910009EC623 /* Assets.xcassets */; };
		0897162B1E895910009EC623 /* LaunchScreen.storyboard in Resources */ = {isa = PBXBuildFile; fileRef = 089716291E895910009EC623 /* LaunchScreen.storyboard */; };
		089716361E895910009EC623 /* BayronLocalNotification_V2Tests.swift in Sources */ = {isa = PBXBuildFile; fileRef = 089716351E895910009EC623 /* BayronLocalNotification_V2Tests.swift */; };
		089716411E895910009EC623 /* BayronLocalNotification_V2UITests.swift in Sources */ = {isa = PBXBuildFile; fileRef = 089716401E895910009EC623 /* BayronLocalNotification_V2UITests.swift */; };
/* End PBXBuildFile section */

/* Begin PBXContainerItemProxy section */
		089716321E895910009EC623 /* PBXContainerItemProxy */ = {
			isa = PBXContainerItemProxy;
			containerPortal = 089716151E895910009EC623 /* Project object */;
			proxyType = 1;
			remoteGlobalIDString = 0897161C1E895910009EC623;
			remoteInfo = "BayronLocalNotification-V2";
		};
		0897163D1E895910009EC623 /* PBXContainerItemProxy */ = {
			isa = PBXContainerItemProxy;
			containerPortal = 089716151E895910009EC623 /* Project object */;
			proxyType = 1;
			remoteGlobalIDString = 0897161C1E895910009EC623;
			remoteInfo = "BayronLocalNotification-V2";
		};
/* End PBXContainerItemProxy section */

/* Begin PBXFileReference section */
		0897161D1E895910009EC623 /* BayronLocalNotification-V2.app */ = {isa = PBXFileReference; explicitFileType = wrapper.application; includeInIndex = 0; path = "BayronLocalNotification-V2.app"; sourceTree = BUILT_PRODUCTS_DIR; };
		089716201E895910009EC623 /* AppDelegate.swift */ = {isa = PBXFileReference; lastKnownFileType = sourcecode.swift; path = AppDelegate.swift; sourceTree = "<group>"; };
		089716221E895910009EC623 /* ViewController.swift */ = {isa = PBXFileReference; lastKnownFileType = sourcecode.swift; path = ViewController.swift; sourceTree = "<group>"; };
		089716251E895910009EC623 /* Base */ = {isa = PBXFileReference; lastKnownFileType = file.storyboard; name = Base; path = Base.lproj/Main.storyboard; sourceTree = "<group>"; };
		089716271E895910009EC623 /* Assets.xcassets */ = {isa = PBXFileReference; lastKnownFileType = folder.assetcatalog; path = Assets.xcassets; sourceTree = "<group>"; };
		0897162A1E895910009EC623 /* Base */ = {isa = PBXFileReference; lastKnownFileType = file.storyboard; name = Base; path = Base.lproj/LaunchScreen.storyboard; sourceTree = "<group>"; };
		0897162C1E895910009EC623 /* Info.plist */ = {isa = PBXFileReference; lastKnownFileType = text.plist.xml; path = Info.plist; sourceTree = "<group>"; };
		089716311E895910009EC623 /* BayronLocalNotification-V2Tests.xctest */ = {isa = PBXFileReference; explicitFileType = wrapper.cfbundle; includeInIndex = 0; path = "BayronLocalNotification-V2Tests.xctest"; sourceTree = BUILT_PRODUCTS_DIR; };
		089716351E895910009EC623 /* BayronLocalNotification_V2Tests.swift */ = {isa = PBXFileReference; lastKnownFileType = sourcecode.swift; path = BayronLocalNotification_V2Tests.swift; sourceTree = "<group>"; };
		089716371E895910009EC623 /* Info.plist */ = {isa = PBXFileReference; lastKnownFileType = text.plist.xml; path = Info.plist; sourceTree = "<group>"; };
		0897163C1E895910009EC623 /* BayronLocalNotification-V2UITests.xctest */ = {isa = PBXFileReference; explicitFileType = wrapper.cfbundle; includeInIndex = 0; path = "BayronLocalNotification-V2UITests.xctest"; sourceTree = BUILT_PRODUCTS_DIR; };
		089716401E895910009EC623 /* BayronLocalNotification_V2UITests.swift */ = {isa = PBXFileReference; lastKnownFileType = sourcecode.swift; path = BayronLocalNotification_V2UITests.swift; sourceTree = "<group>"; };
		089716421E895910009EC623 /* Info.plist */ = {isa = PBXFileReference; lastKnownFileType = text.plist.xml; path = Info.plist; sourceTree = "<group>"; };
/* End PBXFileReference section */

/* Begin PBXFrameworksBuildPhase section */
		0897161A1E895910009EC623 /* Frameworks */ = {
			isa = PBXFrameworksBuildPhase;
			buildActionMask = 2147483647;
			files = (
			);
			runOnlyForDeploymentPostprocessing = 0;
		};
		0897162E1E895910009EC623 /* Frameworks */ = {
			isa = PBXFrameworksBuildPhase;
			buildActionMask = 2147483647;
			files = (
			);
			runOnlyForDeploymentPostprocessing = 0;
		};
		089716391E895910009EC623 /* Frameworks */ = {
			isa = PBXFrameworksBuildPhase;
			buildActionMask = 2147483647;
			files = (
			);
			runOnlyForDeploymentPostprocessing = 0;
		};
/* End PBXFrameworksBuildPhase section */

/* Begin PBXGroup section */
		089716141E895910009EC623 = {
			isa = PBXGroup;
			children = (
				0897161F1E895910009EC623 /* BayronLocalNotification-V2 */,
				089716341E895910009EC623 /* BayronLocalNotification-V2Tests */,
				0897163F1E895910009EC623 /* BayronLocalNotification-V2UITests */,
				0897161E1E895910009EC623 /* Products */,
			);
			sourceTree = "<group>";
		};
		0897161E1E895910009EC623 /* Products */ = {
			isa = PBXGroup;
			children = (
				0897161D1E895910009EC623 /* BayronLocalNotification-V2.app */,
				089716311E895910009EC623 /* BayronLocalNotification-V2Tests.xctest */,
				0897163C1E895910009EC623 /* BayronLocalNotification-V2UITests.xctest */,
			);
			name = Products;
			sourceTree = "<group>";
		};
		0897161F1E895910009EC623 /* BayronLocalNotification-V2 */ = {
			isa = PBXGroup;
			children = (
				089716201E895910009EC623 /* AppDelegate.swift */,
				089716221E895910009EC623 /* ViewController.swift */,
				089716241E895910009EC623 /* Main.storyboard */,
				089716271E895910009EC623 /* Assets.xcassets */,
				089716291E895910009EC623 /* LaunchScreen.storyboard */,
				0897162C1E895910009EC623 /* Info.plist */,
			);
			path = "BayronLocalNotification-V2";
			sourceTree = "<group>";
		};
		089716341E895910009EC623 /* BayronLocalNotification-V2Tests */ = {
			isa = PBXGroup;
			children = (
				089716351E895910009EC623 /* BayronLocalNotification_V2Tests.swift */,
				089716371E895910009EC623 /* Info.plist */,
			);
			path = "BayronLocalNotification-V2Tests";
			sourceTree = "<group>";
		};
		0897163F1E895910009EC623 /* BayronLocalNotification-V2UITests */ = {
			isa = PBXGroup;
			children = (
				089716401E895910009EC623 /* BayronLocalNotification_V2UITests.swift */,
				089716421E895910009EC623 /* Info.plist */,
			);
			path = "BayronLocalNotification-V2UITests";
			sourceTree = "<group>";
		};
/* End PBXGroup section */

/* Begin PBXNativeTarget section */
		0897161C1E895910009EC623 /* BayronLocalNotification-V2 */ = {
			isa = PBXNativeTarget;
			buildConfigurationList = 089716451E895910009EC623 /* Build configuration list for PBXNativeTarget "BayronLocalNotification-V2" */;
			buildPhases = (
				089716191E895910009EC623 /* Sources */,
				0897161A1E895910009EC623 /* Frameworks */,
				0897161B1E895910009EC623 /* Resources */,
			);
			buildRules = (
			);
			dependencies = (
			);
			name = "BayronLocalNotification-V2";
			productName = "BayronLocalNotification-V2";
			productReference = 0897161D1E895910009EC623 /* BayronLocalNotification-V2.app */;
			productType = "com.apple.product-type.application";
		};
		089716301E895910009EC623 /* BayronLocalNotification-V2Tests */ = {
			isa = PBXNativeTarget;
			buildConfigurationList = 089716481E895910009EC623 /* Build configuration list for PBXNativeTarget "BayronLocalNotification-V2Tests" */;
			buildPhases = (
				0897162D1E895910009EC623 /* Sources */,
				0897162E1E895910009EC623 /* Frameworks */,
				0897162F1E895910009EC623 /* Resources */,
			);
			buildRules = (
			);
			dependencies = (
				089716331E895910009EC623 /* PBXTargetDependency */,
			);
			name = "BayronLocalNotification-V2Tests";
			productName = "BayronLocalNotification-V2Tests";
			productReference = 089716311E895910009EC623 /* BayronLocalNotification-V2Tests.xctest */;
			productType = "com.apple.product-type.bundle.unit-test";
		};
		0897163B1E895910009EC623 /* BayronLocalNotification-V2UITests */ = {
			isa = PBXNativeTarget;
			buildConfigurationList = 0897164B1E895910009EC623 /* Build configuration list for PBXNativeTarget "BayronLocalNotification-V2UITests" */;
			buildPhases = (
				089716381E895910009EC623 /* Sources */,
				089716391E895910009EC623 /* Frameworks */,
				0897163A1E895910009EC623 /* Resources */,
			);
			buildRules = (
			);
			dependencies = (
				0897163E1E895910009EC623 /* PBXTargetDependency */,
			);
			name = "BayronLocalNotification-V2UITests";
			productName = "BayronLocalNotification-V2UITests";
			productReference = 0897163C1E895910009EC623 /* BayronLocalNotification-V2UITests.xctest */;
			productType = "com.apple.product-type.bundle.ui-testing";
		};
/* End PBXNativeTarget section */

/* Begin PBXProject section */
		089716151E895910009EC623 /* Project object */ = {
			isa = PBXProject;
			attributes = {
				LastSwiftUpdateCheck = 0820;
				LastUpgradeCheck = 0820;
				ORGANIZATIONNAME = "Audi Bayron";
				TargetAttributes = {
					0897161C1E895910009EC623 = {
						CreatedOnToolsVersion = 8.2.1;
						DevelopmentTeam = JBZTV7XRJ4;
						ProvisioningStyle = Automatic;
					};
					089716301E895910009EC623 = {
						CreatedOnToolsVersion = 8.2.1;
						DevelopmentTeam = JBZTV7XRJ4;
						ProvisioningStyle = Automatic;
						TestTargetID = 0897161C1E895910009EC623;
					};
					0897163B1E895910009EC623 = {
						CreatedOnToolsVersion = 8.2.1;
						DevelopmentTeam = JBZTV7XRJ4;
						ProvisioningStyle = Automatic;
						TestTargetID = 0897161C1E895910009EC623;
					};
				};
			};
			buildConfigurationList = 089716181E895910009EC623 /* Build configuration list for PBXProject "BayronLocalNotification-V2" */;
			compatibilityVersion = "Xcode 3.2";
			developmentRegion = English;
			hasScannedForEncodings = 0;
			knownRegions = (
				en,
				Base,
			);
			mainGroup = 089716141E895910009EC623;
			productRefGroup = 0897161E1E895910009EC623 /* Products */;
			projectDirPath = "";
			projectRoot = "";
			targets = (
				0897161C1E895910009EC623 /* BayronLocalNotification-V2 */,
				089716301E895910009EC623 /* BayronLocalNotification-V2Tests */,
				0897163B1E895910009EC623 /* BayronLocalNotification-V2UITests */,
			);
		};
/* End PBXProject section */

/* Begin PBXResourcesBuildPhase section */
		0897161B1E895910009EC623 /* Resources */ = {
			isa = PBXResourcesBuildPhase;
			buildActionMask = 2147483647;
			files = (
				0897162B1E895910009EC623 /* LaunchScreen.storyboard in Resources */,
				089716281E895910009EC623 /* Assets.xcassets in Resources */,
				089716261E895910009EC623 /* Main.storyboard in Resources */,
			);
			runOnlyForDeploymentPostprocessing = 0;
		};
		0897162F1E895910009EC623 /* Resources */ = {
			isa = PBXResourcesBuildPhase;
			buildActionMask = 2147483647;
			files = (
			);
			runOnlyForDeploymentPostprocessing = 0;
		};
		0897163A1E895910009EC623 /* Resources */ = {
			isa = PBXResourcesBuildPhase;
			buildActionMask = 2147483647;
			files = (
			);
			runOnlyForDeploymentPostprocessing = 0;
		};
/* End PBXResourcesBuildPhase section */

/* Begin PBXSourcesBuildPhase section */
		089716191E895910009EC623 /* Sources */ = {
			isa = PBXSourcesBuildPhase;
			buildActionMask = 2147483647;
			files = (
				089716231E895910009EC623 /* ViewController.swift in Sources */,
				089716211E895910009EC623 /* AppDelegate.swift in Sources */,
			);
			runOnlyForDeploymentPostprocessing = 0;
		};
		0897162D1E895910009EC623 /* Sources */ = {
			isa = PBXSourcesBuildPhase;
			buildActionMask = 2147483647;
			files = (
				089716361E895910009EC623 /* BayronLocalNotification_V2Tests.swift in Sources */,
			);
			runOnlyForDeploymentPostprocessing = 0;
		};
		089716381E895910009EC623 /* Sources */ = {
			isa = PBXSourcesBuildPhase;
			buildActionMask = 2147483647;
			files = (
				089716411E895910009EC623 /* BayronLocalNotification_V2UITests.swift in Sources */,
			);
			runOnlyForDeploymentPostprocessing = 0;
		};
/* End PBXSourcesBuildPhase section */

/* Begin PBXTargetDependency section */
		089716331E895910009EC623 /* PBXTargetDependency */ = {
			isa = PBXTargetDependency;
			target = 0897161C1E895910009EC623 /* BayronLocalNotification-V2 */;
			targetProxy = 089716321E895910009EC623 /* PBXContainerItemProxy */;
		};
		0897163E1E895910009EC623 /* PBXTargetDependency */ = {
			isa = PBXTargetDependency;
			target = 0897161C1E895910009EC623 /* BayronLocalNotification-V2 */;
			targetProxy = 0897163D1E895910009EC623 /* PBXContainerItemProxy */;
		};
/* End PBXTargetDependency section */

/* Begin PBXVariantGroup section */
		089716241E895910009EC623 /* Main.storyboard */ = {
			isa = PBXVariantGroup;
			children = (
				089716251E895910009EC623 /* Base */,
			);
			name = Main.storyboard;
			sourceTree = "<group>";
		};
		089716291E895910009EC623 /* LaunchScreen.storyboard */ = {
			isa = PBXVariantGroup;
			children = (
				0897162A1E895910009EC623 /* Base */,
			);
			name = LaunchScreen.storyboard;
			sourceTree = "<group>";
		};
/* End PBXVariantGroup section */

/* Begin XCBuildConfiguration section */
		089716431E895910009EC623 /* Debug */ = {
			isa = XCBuildConfiguration;
			buildSettings = {
				ALWAYS_SEARCH_USER_PATHS = NO;
				CLANG_ANALYZER_NONNULL = YES;
				CLANG_CXX_LANGUAGE_STANDARD = "gnu++0x";
				CLANG_CXX_LIBRARY = "libc++";
				CLANG_ENABLE_MODULES = YES;
				CLANG_ENABLE_OBJC_ARC = YES;
				CLANG_WARN_BOOL_CONVERSION = YES;
				CLANG_WARN_CONSTANT_CONVERSION = YES;
				CLANG_WARN_DIRECT_OBJC_ISA_USAGE = YES_ERROR;
				CLANG_WARN_DOCUMENTATION_COMMENTS = YES;
				CLANG_WARN_EMPTY_BODY = YES;
				CLANG_WARN_ENUM_CONVERSION = YES;
				CLANG_WARN_INFINITE_RECURSION = YES;
				CLANG_WARN_INT_CONVERSION = YES;
				CLANG_WARN_OBJC_ROOT_CLASS = YES_ERROR;
				CLANG_WARN_SUSPICIOUS_MOVE = YES;
				CLANG_WARN_UNREACHABLE_CODE = YES;
				CLANG_WARN__DUPLICATE_METHOD_MATCH = YES;
				"CODE_SIGN_IDENTITY[sdk=iphoneos*]" = "iPhone Developer";
				COPY_PHASE_STRIP = NO;
				DEBUG_INFORMATION_FORMAT = dwarf;
				ENABLE_STRICT_OBJC_MSGSEND = YES;
				ENABLE_TESTABILITY = YES;
				GCC_C_LANGUAGE_STANDARD = gnu99;
				GCC_DYNAMIC_NO_PIC = NO;
				GCC_NO_COMMON_BLOCKS = YES;
				GCC_OPTIMIZATION_LEVEL = 0;
				GCC_PREPROCESSOR_DEFINITIONS = (
					"DEBUG=1",
					"$(inherited)",
				);
				GCC_WARN_64_TO_32_BIT_CONVERSION = YES;
				GCC_WARN_ABOUT_RETURN_TYPE = YES_ERROR;
				GCC_WARN_UNDECLARED_SELECTOR = YES;
				GCC_WARN_UNINITIALIZED_AUTOS = YES_AGGRESSIVE;
				GCC_WARN_UNUSED_FUNCTION = YES;
				GCC_WARN_UNUSED_VARIABLE = YES;
				IPHONEOS_DEPLOYMENT_TARGET = 10.2;
				MTL_ENABLE_DEBUG_INFO = YES;
				ONLY_ACTIVE_ARCH = YES;
				SDKROOT = iphoneos;
				SWIFT_ACTIVE_COMPILATION_CONDITIONS = DEBUG;
				SWIFT_OPTIMIZATION_LEVEL = "-Onone";
			};
			name = Debug;
		};
		089716441E895910009EC623 /* Release */ = {
			isa = XCBuildConfiguration;
			buildSettings = {
				ALWAYS_SEARCH_USER_PATHS = NO;
				CLANG_ANALYZER_NONNULL = YES;
				CLANG_CXX_LANGUAGE_STANDARD = "gnu++0x";
				CLANG_CXX_LIBRARY = "libc++";
				CLANG_ENABLE_MODULES = YES;
				CLANG_ENABLE_OBJC_ARC = YES;
				CLANG_WARN_BOOL_CONVERSION = YES;
				CLANG_WARN_CONSTANT_CONVERSION = YES;
				CLANG_WARN_DIRECT_OBJC_ISA_USAGE = YES_ERROR;
				CLANG_WARN_DOCUMENTATION_COMMENTS = YES;
				CLANG_WARN_EMPTY_BODY = YES;
				CLANG_WARN_ENUM_CONVERSION = YES;
				CLANG_WARN_INFINITE_RECURSION = YES;
				CLANG_WARN_INT_CONVERSION = YES;
				CLANG_WARN_OBJC_ROOT_CLASS = YES_ERROR;
				CLANG_WARN_SUSPICIOUS_MOVE = YES;
				CLANG_WARN_UNREACHABLE_CODE = YES;
				CLANG_WARN__DUPLICATE_METHOD_MATCH = YES;
				"CODE_SIGN_IDENTITY[sdk=iphoneos*]" = "iPhone Developer";
				COPY_PHASE_STRIP = NO;
				DEBUG_INFORMATION_FORMAT = "dwarf-with-dsym";
				ENABLE_NS_ASSERTIONS = NO;
				ENABLE_STRICT_OBJC_MSGSEND = YES;
				GCC_C_LANGUAGE_STANDARD = gnu99;
				GCC_NO_COMMON_BLOCKS = YES;
				GCC_WARN_64_TO_32_BIT_CONVERSION = YES;
				GCC_WARN_ABOUT_RETURN_TYPE = YES_ERROR;
				GCC_WARN_UNDECLARED_SELECTOR = YES;
				GCC_WARN_UNINITIALIZED_AUTOS = YES_AGGRESSIVE;
				GCC_WARN_UNUSED_FUNCTION = YES;
				GCC_WARN_UNUSED_VARIABLE = YES;
				IPHONEOS_DEPLOYMENT_TARGET = 10.2;
				MTL_ENABLE_DEBUG_INFO = NO;
				SDKROOT = iphoneos;
				SWIFT_OPTIMIZATION_LEVEL = "-Owholemodule";
				VALIDATE_PRODUCT = YES;
			};
			name = Release;
		};
		089716461E895910009EC623 /* Debug */ = {
			isa = XCBuildConfiguration;
			buildSettings = {
				ASSETCATALOG_COMPILER_APPICON_NAME = AppIcon;
				DEVELOPMENT_TEAM = JBZTV7XRJ4;
				INFOPLIST_FILE = "BayronLocalNotification-V2/Info.plist";
				LD_RUNPATH_SEARCH_PATHS = "$(inherited) @executable_path/Frameworks";
				PRODUCT_BUNDLE_IDENTIFIER = "edu.niu.cs.bayron.BayronLocalNotification-V2";
				PRODUCT_NAME = "$(TARGET_NAME)";
				SWIFT_VERSION = 3.0;
			};
			name = Debug;
		};
		089716471E895910009EC623 /* Release */ = {
			isa = XCBuildConfiguration;
			buildSettings = {
				ASSETCATALOG_COMPILER_APPICON_NAME = AppIcon;
				DEVELOPMENT_TEAM = JBZTV7XRJ4;
				INFOPLIST_FILE = "BayronLocalNotification-V2/Info.plist";
				LD_RUNPATH_SEARCH_PATHS = "$(inherited) @executable_path/Frameworks";
				PRODUCT_BUNDLE_IDENTIFIER = "edu.niu.cs.bayron.BayronLocalNotification-V2";
				PRODUCT_NAME = "$(TARGET_NAME)";
				SWIFT_VERSION = 3.0;
			};
			name = Release;
		};
		089716491E895910009EC623 /* Debug */ = {
			isa = XCBuildConfiguration;
			buildSettings = {
				ALWAYS_EMBED_SWIFT_STANDARD_LIBRARIES = YES;
				BUNDLE_LOADER = "$(TEST_HOST)";
				DEVELOPMENT_TEAM = JBZTV7XRJ4;
				INFOPLIST_FILE = "BayronLocalNotification-V2Tests/Info.plist";
				LD_RUNPATH_SEARCH_PATHS = "$(inherited) @executable_path/Frameworks @loader_path/Frameworks";
				PRODUCT_BUNDLE_IDENTIFIER = "edu.niu.cs.bayron.BayronLocalNotification-V2Tests";
				PRODUCT_NAME = "$(TARGET_NAME)";
				SWIFT_VERSION = 3.0;
				TEST_HOST = "$(BUILT_PRODUCTS_DIR)/BayronLocalNotification-V2.app/BayronLocalNotification-V2";
			};
			name = Debug;
		};
		0897164A1E895910009EC623 /* Release */ = {
			isa = XCBuildConfiguration;
			buildSettings = {
				ALWAYS_EMBED_SWIFT_STANDARD_LIBRARIES = YES;
				BUNDLE_LOADER = "$(TEST_HOST)";
				DEVELOPMENT_TEAM = JBZTV7XRJ4;
				INFOPLIST_FILE = "BayronLocalNotification-V2Tests/Info.plist";
				LD_RUNPATH_SEARCH_PATHS = "$(inherited) @executable_path/Frameworks @loader_path/Frameworks";
				PRODUCT_BUNDLE_IDENTIFIER = "edu.niu.cs.bayron.BayronLocalNotification-V2Tests";
				PRODUCT_NAME = "$(TARGET_NAME)";
				SWIFT_VERSION = 3.0;
				TEST_HOST = "$(BUILT_PRODUCTS_DIR)/BayronLocalNotification-V2.app/BayronLocalNotification-V2";
			};
			name = Release;
		};
		0897164C1E895910009EC623 /* Debug */ = {
			isa = XCBuildConfiguration;
			buildSettings = {
				ALWAYS_EMBED_SWIFT_STANDARD_LIBRARIES = YES;
				DEVELOPMENT_TEAM = JBZTV7XRJ4;
				INFOPLIST_FILE = "BayronLocalNotification-V2UITests/Info.plist";
				LD_RUNPATH_SEARCH_PATHS = "$(inherited) @executable_path/Frameworks @loader_path/Frameworks";
				PRODUCT_BUNDLE_IDENTIFIER = "edu.niu.cs.bayron.BayronLocalNotification-V2UITests";
				PRODUCT_NAME = "$(TARGET_NAME)";
				SWIFT_VERSION = 3.0;
				TEST_TARGET_NAME = "BayronLocalNotification-V2";
			};
			name = Debug;
		};
		0897164D1E895910009EC623 /* Release */ = {
			isa = XCBuildConfiguration;
			buildSettings = {
				ALWAYS_EMBED_SWIFT_STANDARD_LIBRARIES = YES;
				DEVELOPMENT_TEAM = JBZTV7XRJ4;
				INFOPLIST_FILE = "BayronLocalNotification-V2UITests/Info.plist";
				LD_RUNPATH_SEARCH_PATHS = "$(inherited) @executable_path/Frameworks @loader_path/Frameworks";
				PRODUCT_BUNDLE_IDENTIFIER = "edu.niu.cs.bayron.BayronLocalNotification-V2UITests";
				PRODUCT_NAME = "$(TARGET_NAME)";
				SWIFT_VERSION = 3.0;
				TEST_TARGET_NAME = "BayronLocalNotification-V2";
			};
			name = Release;
		};
/* End XCBuildConfiguration section */

/* Begin XCConfigurationList section */
		089716181E895910009EC623 /* Build configuration list for PBXProject "BayronLocalNotification-V2" */ = {
			isa = XCConfigurationList;
			buildConfigurations = (
				089716431E895910009EC623 /* Debug */,
				089716441E895910009EC623 /* Release */,
			);
			defaultConfigurationIsVisible = 0;
			defaultConfigurationName = Release;
		};
		089716451E895910009EC623 /* Build configuration list for PBXNativeTarget "BayronLocalNotification-V2" */ = {
			isa = XCConfigurationList;
			buildConfigurations = (
				089716461E895910009EC623 /* Debug */,
				089716471E895910009EC623 /* Release */,
			);
			defaultConfigurationIsVisible = 0;
		};
		089716481E895910009EC623 /* Build configuration list for PBXNativeTarget "BayronLocalNotification-V2Tests" */ = {
			isa = XCConfigurationList;
			buildConfigurations = (
				089716491E895910009EC623 /* Debug */,
				0897164A1E895910009EC623 /* Release */,
			);
			defaultConfigurationIsVisible = 0;
		};
		0897164B1E895910009EC623 /* Build configuration list for PBXNativeTarget "BayronLocalNotification-V2UITests" */ = {
			isa = XCConfigurationList;
			buildConfigurations = (
				0897164C1E895910009EC623 /* Debug */,
				0897164D1E895910009EC623 /* Release */,
			);
			defaultConfigurationIsVisible = 0;
		};
/* End XCConfigurationList section */
	};
	rootObject = 089716151E895910009EC623 /* Project object */;
}
